
Microsoft Visual Studio Solution File, Format Version 12.00
# Visual Studio Version 16
VisualStudioVersion = 16.0.29911.84
MinimumVisualStudioVersion = 10.0.40219.1
Project("{FAE04EC0-301F-11D3-BF4B-00C04F79EFBC}") = "CardView_Background.UWP", "CardView_Background.UWP\CardView_Background.UWP.csproj", "{67E49BF1-0412-496A-A218-AEDFEFCC8B7D}"
EndProject
Project("{FAE04EC0-301F-11D3-BF4B-00C04F79EFBC}") = "CardView_Background.Android", "CardView_Background.Android\CardView_Background.Android.csproj", "{5E51FC1B-611B-482C-80B4-76B40551B582}"
EndProject
Project("{FAE04EC0-301F-11D3-BF4B-00C04F79EFBC}") = "CardView_Background.iOS", "CardView_Background.iOS\CardView_Background.iOS.csproj", "{8DB93137-771A-4193-B48C-5CBAFD03E402}"
EndProject
Project("{FAE04EC0-301F-11D3-BF4B-00C04F79EFBC}") = "CardView_Background", "CardView_Background\CardView_Background.csproj", "{2DD825DD-FA17-4FD2-93EC-5A51F22FF58F}"
EndProject
Global
	GlobalSection(SolutionConfigurationPlatforms) = preSolution
		Debug|Any CPU = Debug|Any CPU
		Debug|ARM = Debug|ARM
		Debug|iPhone = Debug|iPhone
		Debug|iPhoneSimulator = Debug|iPhoneSimulator
		Debug|x64 = Debug|x64
		Debug|x86 = Debug|x86
		Release|Any CPU = Release|Any CPU
		Release|ARM = Release|ARM
		Release|iPhone = Release|iPhone
		Release|iPhoneSimulator = Release|iPhoneSimulator
		Release|x64 = Release|x64
		Release|x86 = Release|x86
	EndGlobalSection
	GlobalSection(ProjectConfigurationPlatforms) = postSolution
		{67E49BF1-0412-496A-A218-AEDFEFCC8B7D}.Debug|Any CPU.ActiveCfg = Debug|x86
		{67E49BF1-0412-496A-A218-AEDFEFCC8B7D}.Debug|Any CPU.Build.0 = Debug|x86
		{67E49BF1-0412-496A-A218-AEDFEFCC8B7D}.Debug|Any CPU.Deploy.0 = Debug|x86
		{67E49BF1-0412-496A-A218-AEDFEFCC8B7D}.Debug|ARM.ActiveCfg = Debug|ARM
		{67E49BF1-0412-496A-A218-AEDFEFCC8B7D}.Debug|ARM.Build.0 = Debug|ARM
		{67E49BF1-0412-496A-A218-AEDFEFCC8B7D}.Debug|ARM.Deploy.0 = Debug|ARM
		{67E49BF1-0412-496A-A218-AEDFEFCC8B7D}.Debug|iPhone.ActiveCfg = Debug|x86
		{67E49BF1-0412-496A-A218-AEDFEFCC8B7D}.Debug|iPhone.Build.0 = Debug|x86
		{67E49BF1-0412-496A-A218-AEDFEFCC8B7D}.Debug|iPhone.Deploy.0 = Debug|x86
		{67E49BF1-0412-496A-A218-AEDFEFCC8B7D}.Debug|iPhoneSimulator.ActiveCfg = Debug|x86
		{67E49BF1-0412-496A-A218-AEDFEFCC8B7D}.Debug|iPhoneSimulator.Build.0 = Debug|x86
		{67E49BF1-0412-496A-A218-AEDFEFCC8B7D}.Debug|iPhoneSimulator.Deploy.0 = Debug|x86
		{67E49BF1-0412-496A-A218-AEDFEFCC8B7D}.Debug|x64.ActiveCfg = Debug|x64
		{67E49BF1-0412-496A-A218-AEDFEFCC8B7D}.Debug|x64.Build.0 = Debug|x64
		{67E49BF1-0412-496A-A218-AEDFEFCC8B7D}.Debug|x64.Deploy.0 = Debug|x64
		{67E49BF1-0412-496A-A218-AEDFEFCC8B7D}.Debug|x86.ActiveCfg = Debug|x86
		{67E49BF1-0412-496A-A218-AEDFEFCC8B7D}.Debug|x86.Build.0 = Debug|x86
		{67E49BF1-0412-496A-A218-AEDFEFCC8B7D}.Debug|x86.Deploy.0 = Debug|x86
		{67E49BF1-0412-496A-A218-AEDFEFCC8B7D}.Release|Any CPU.ActiveCfg = Release|x86
		{67E49BF1-0412-496A-A218-AEDFEFCC8B7D}.Release|Any CPU.Build.0 = Release|x86
		{67E49BF1-0412-496A-A218-AEDFEFCC8B7D}.Release|Any CPU.Deploy.0 = Release|x86
		{67E49BF1-0412-496A-A218-AEDFEFCC8B7D}.Release|ARM.ActiveCfg = Release|ARM
		{67E49BF1-0412-496A-A218-AEDFEFCC8B7D}.Release|ARM.Build.0 = Release|ARM
		{67E49BF1-0412-496A-A218-AEDFEFCC8B7D}.Release|ARM.Deploy.0 = Release|ARM
		{67E49BF1-0412-496A-A218-AEDFEFCC8B7D}.Release|iPhone.ActiveCfg = Release|x86
		{67E49BF1-0412-496A-A218-AEDFEFCC8B7D}.Release|iPhone.Build.0 = Release|x86
		{67E49BF1-0412-496A-A218-AEDFEFCC8B7D}.Release|iPhone.Deploy.0 = Release|x86
		{67E49BF1-0412-496A-A218-AEDFEFCC8B7D}.Release|iPhoneSimulator.ActiveCfg = Release|x86
		{67E49BF1-0412-496A-A218-AEDFEFCC8B7D}.Release|iPhoneSimulator.Build.0 = Release|x86
		{67E49BF1-0412-496A-A218-AEDFEFCC8B7D}.Release|iPhoneSimulator.Deploy.0 = Release|x86
		{67E49BF1-0412-496A-A218-AEDFEFCC8B7D}.Release|x64.ActiveCfg = Release|x64
		{67E49BF1-0412-496A-A218-AEDFEFCC8B7D}.Release|x64.Build.0 = Release|x64
		{67E49BF1-0412-496A-A218-AEDFEFCC8B7D}.Release|x64.Deploy.0 = Release|x64
		{67E49BF1-0412-496A-A218-AEDFEFCC8B7D}.Release|x86.ActiveCfg = Release|x86
		{67E49BF1-0412-496A-A218-AEDFEFCC8B7D}.Release|x86.Build.0 = Release|x86
		{67E49BF1-0412-496A-A218-AEDFEFCC8B7D}.Release|x86.Deploy.0 = Release|x86
		{5E51FC1B-611B-482C-80B4-76B40551B582}.Debug|Any CPU.ActiveCfg = Debug|Any CPU
		{5E51FC1B-611B-482C-80B4-76B40551B582}.Debug|Any CPU.Build.0 = Debug|Any CPU
		{5E51FC1B-611B-482C-80B4-76B40551B582}.Debug|Any CPU.Deploy.0 = Debug|Any CPU
		{5E51FC1B-611B-482C-80B4-76B40551B582}.Debug|ARM.ActiveCfg = Debug|Any CPU
		{5E51FC1B-611B-482C-80B4-76B40551B582}.Debug|ARM.Build.0 = Debug|Any CPU
		{5E51FC1B-611B-482C-80B4-76B40551B582}.Debug|ARM.Deploy.0 = Debug|Any CPU
		{5E51FC1B-611B-482C-80B4-76B40551B582}.Debug|iPhone.ActiveCfg = Debug|Any CPU
		{5E51FC1B-611B-482C-80B4-76B40551B582}.Debug|iPhone.Build.0 = Debug|Any CPU
		{5E51FC1B-611B-482C-80B4-76B40551B582}.Debug|iPhone.Deploy.0 = Debug|Any CPU
		{5E51FC1B-611B-482C-80B4-76B40551B582}.Debug|iPhoneSimulator.ActiveCfg = Debug|Any CPU
		{5E51FC1B-611B-482C-80B4-76B40551B582}.Debug|iPhoneSimulator.Build.0 = Debug|Any CPU
		{5E51FC1B-611B-482C-80B4-76B40551B582}.Debug|iPhoneSimulator.Deploy.0 = Debug|Any CPU
		{5E51FC1B-611B-482C-80B4-76B40551B582}.Debug|x64.ActiveCfg = Debug|Any CPU
		{5E51FC1B-611B-482C-80B4-76B40551B582}.Debug|x64.Build.0 = Debug|Any CPU
		{5E51FC1B-611B-482C-80B4-76B40551B582}.Debug|x64.Deploy.0 = Debug|Any CPU
		{5E51FC1B-611B-482C-80B4-76B40551B582}.Debug|x86.ActiveCfg = Debug|Any CPU
		{5E51FC1B-611B-482C-80B4-76B40551B582}.Debug|x86.Build.0 = Debug|Any CPU
		{5E51FC1B-611B-482C-80B4-76B40551B582}.Debug|x86.Deploy.0 = Debug|Any CPU
		{5E51FC1B-611B-482C-80B4-76B40551B582}.Release|Any CPU.ActiveCfg = Release|Any CPU
		{5E51FC1B-611B-482C-80B4-76B40551B582}.Release|Any CPU.Build.0 = Release|Any CPU
		{5E51FC1B-611B-482C-80B4-76B40551B582}.Release|Any CPU.Deploy.0 = Release|Any CPU
		{5E51FC1B-611B-482C-80B4-76B40551B582}.Release|ARM.ActiveCfg = Release|Any CPU
		{5E51FC1B-611B-482C-80B4-76B40551B582}.Release|ARM.Build.0 = Release|Any CPU
		{5E51FC1B-611B-482C-80B4-76B40551B582}.Release|ARM.Deploy.0 = Release|Any CPU
		{5E51FC1B-611B-482C-80B4-76B40551B582}.Release|iPhone.ActiveCfg = Release|Any CPU
		{5E51FC1B-611B-482C-80B4-76B40551B582}.Release|iPhone.Build.0 = Release|Any CPU
		{5E51FC1B-611B-482C-80B4-76B40551B582}.Release|iPhone.Deploy.0 = Release|Any CPU
		{5E51FC1B-611B-482C-80B4-76B40551B582}.Release|iPhoneSimulator.ActiveCfg = Release|Any CPU
		{5E51FC1B-611B-482C-80B4-76B40551B582}.Release|iPhoneSimulator.Build.0 = Release|Any CPU
		{5E51FC1B-611B-482C-80B4-76B40551B582}.Release|iPhoneSimulator.Deploy.0 = Release|Any CPU
		{5E51FC1B-611B-482C-80B4-76B40551B582}.Release|x64.ActiveCfg = Release|Any CPU
		{5E51FC1B-611B-482C-80B4-76B40551B582}.Release|x64.Build.0 = Release|Any CPU
		{5E51FC1B-611B-482C-80B4-76B40551B582}.Release|x64.Deploy.0 = Release|Any CPU
		{5E51FC1B-611B-482C-80B4-76B40551B582}.Release|x86.ActiveCfg = Release|Any CPU
		{5E51FC1B-611B-482C-80B4-76B40551B582}.Release|x86.Build.0 = Release|Any CPU
		{5E51FC1B-611B-482C-80B4-76B40551B582}.Release|x86.Deploy.0 = Release|Any CPU
		{8DB93137-771A-4193-B48C-5CBAFD03E402}.Debug|Any CPU.ActiveCfg = Debug|iPhone
		{8DB93137-771A-4193-B48C-5CBAFD03E402}.Debug|Any CPU.Build.0 = Debug|iPhone
		{8DB93137-771A-4193-B48C-5CBAFD03E402}.Debug|Any CPU.Deploy.0 = Debug|iPhone
		{8DB93137-771A-4193-B48C-5CBAFD03E402}.Debug|ARM.ActiveCfg = Debug|iPhone
		{8DB93137-771A-4193-B48C-5CBAFD03E402}.Debug|ARM.Build.0 = Debug|iPhone
		{8DB93137-771A-4193-B48C-5CBAFD03E402}.Debug|ARM.Deploy.0 = Debug|iPhone
		{8DB93137-771A-4193-B48C-5CBAFD03E402}.Debug|iPhone.ActiveCfg = Debug|iPhone
		{8DB93137-771A-4193-B48C-5CBAFD03E402}.Debug|iPhone.Build.0 = Debug|iPhone
		{8DB93137-771A-4193-B48C-5CBAFD03E402}.Debug|iPhone.Deploy.0 = Debug|iPhone
		{8DB93137-771A-4193-B48C-5CBAFD03E402}.Debug|iPhoneSimulator.ActiveCfg = Debug|iPhoneSimulator
		{8DB93137-771A-4193-B48C-5CBAFD03E402}.Debug|iPhoneSimulator.Build.0 = Debug|iPhoneSimulator
		{8DB93137-771A-4193-B48C-5CBAFD03E402}.Debug|iPhoneSimulator.Deploy.0 = Debug|iPhoneSimulator
		{8DB93137-771A-4193-B48C-5CBAFD03E402}.Debug|x64.ActiveCfg = Debug|iPhone
		{8DB93137-771A-4193-B48C-5CBAFD03E402}.Debug|x64.Build.0 = Debug|iPhone
		{8DB93137-771A-4193-B48C-5CBAFD03E402}.Debug|x64.Deploy.0 = Debug|iPhone
		{8DB93137-771A-4193-B48C-5CBAFD03E402}.Debug|x86.ActiveCfg = Debug|iPhone
		{8DB93137-771A-4193-B48C-5CBAFD03E402}.Debug|x86.Build.0 = Debug|iPhone
		{8DB93137-771A-4193-B48C-5CBAFD03E402}.Debug|x86.Deploy.0 = Debug|iPhone
		{8DB93137-771A-4193-B48C-5CBAFD03E402}.Release|Any CPU.ActiveCfg = Release|iPhone
		{8DB93137-771A-4193-B48C-5CBAFD03E402}.Release|Any CPU.Build.0 = Release|iPhone
		{8DB93137-771A-4193-B48C-5CBAFD03E402}.Release|Any CPU.Deploy.0 = Release|iPhone
		{8DB93137-771A-4193-B48C-5CBAFD03E402}.Release|ARM.ActiveCfg = Release|iPhone
		{8DB93137-771A-4193-B48C-5CBAFD03E402}.Release|ARM.Build.0 = Release|iPhone
		{8DB93137-771A-4193-B48C-5CBAFD03E402}.Release|ARM.Deploy.0 = Release|iPhone
		{8DB93137-771A-4193-B48C-5CBAFD03E402}.Release|iPhone.ActiveCfg = Release|iPhone
		{8DB93137-771A-4193-B48C-5CBAFD03E402}.Release|iPhone.Build.0 = Release|iPhone
		{8DB93137-771A-4193-B48C-5CBAFD03E402}.Release|iPhone.Deploy.0 = Release|iPhone
		{8DB93137-771A-4193-B48C-5CBAFD03E402}.Release|iPhoneSimulator.ActiveCfg = Release|iPhoneSimulator
		{8DB93137-771A-4193-B48C-5CBAFD03E402}.Release|iPhoneSimulator.Build.0 = Release|iPhoneSimulator
		{8DB93137-771A-4193-B48C-5CBAFD03E402}.Release|iPhoneSimulator.Deploy.0 = Release|iPhoneSimulator
		{8DB93137-771A-4193-B48C-5CBAFD03E402}.Release|x64.ActiveCfg = Release|iPhone
		{8DB93137-771A-4193-B48C-5CBAFD03E402}.Release|x64.Build.0 = Release|iPhone
		{8DB93137-771A-4193-B48C-5CBAFD03E402}.Release|x64.Deploy.0 = Release|iPhone
		{8DB93137-771A-4193-B48C-5CBAFD03E402}.Release|x86.ActiveCfg = Release|iPhone
		{8DB93137-771A-4193-B48C-5CBAFD03E402}.Release|x86.Build.0 = Release|iPhone
		{8DB93137-771A-4193-B48C-5CBAFD03E402}.Release|x86.Deploy.0 = Release|iPhone
		{2DD825DD-FA17-4FD2-93EC-5A51F22FF58F}.Debug|Any CPU.ActiveCfg = Debug|Any CPU
		{2DD825DD-FA17-4FD2-93EC-5A51F22FF58F}.Debug|Any CPU.Build.0 = Debug|Any CPU
		{2DD825DD-FA17-4FD2-93EC-5A51F22FF58F}.Debug|Any CPU.Deploy.0 = Debug|Any CPU
		{2DD825DD-FA17-4FD2-93EC-5A51F22FF58F}.Debug|ARM.ActiveCfg = Debug|Any CPU
		{2DD825DD-FA17-4FD2-93EC-5A51F22FF58F}.Debug|ARM.Build.0 = Debug|Any CPU
		{2DD825DD-FA17-4FD2-93EC-5A51F22FF58F}.Debug|ARM.Deploy.0 = Debug|Any CPU
		{2DD825DD-FA17-4FD2-93EC-5A51F22FF58F}.Debug|iPhone.ActiveCfg = Debug|Any CPU
		{2DD825DD-FA17-4FD2-93EC-5A51F22FF58F}.Debug|iPhone.Build.0 = Debug|Any CPU
		{2DD825DD-FA17-4FD2-93EC-5A51F22FF58F}.Debug|iPhone.Deploy.0 = Debug|Any CPU
		{2DD825DD-FA17-4FD2-93EC-5A51F22FF58F}.Debug|iPhoneSimulator.ActiveCfg = Debug|Any CPU
		{2DD825DD-FA17-4FD2-93EC-5A51F22FF58F}.Debug|iPhoneSimulator.Build.0 = Debug|Any CPU
		{2DD825DD-FA17-4FD2-93EC-5A51F22FF58F}.Debug|iPhoneSimulator.Deploy.0 = Debug|Any CPU
		{2DD825DD-FA17-4FD2-93EC-5A51F22FF58F}.Debug|x64.ActiveCfg = Debug|Any CPU
		{2DD825DD-FA17-4FD2-93EC-5A51F22FF58F}.Debug|x64.Build.0 = Debug|Any CPU
		{2DD825DD-FA17-4FD2-93EC-5A51F22FF58F}.Debug|x64.Deploy.0 = Debug|Any CPU
		{2DD825DD-FA17-4FD2-93EC-5A51F22FF58F}.Debug|x86.ActiveCfg = Debug|Any CPU
		{2DD825DD-FA17-4FD2-93EC-5A51F22FF58F}.Debug|x86.Build.0 = Debug|Any CPU
		{2DD825DD-FA17-4FD2-93EC-5A51F22FF58F}.Debug|x86.Deploy.0 = Debug|Any CPU
		{2DD825DD-FA17-4FD2-93EC-5A51F22FF58F}.Release|Any CPU.ActiveCfg = Release|Any CPU
		{2DD825DD-FA17-4FD2-93EC-5A51F22FF58F}.Release|Any CPU.Build.0 = Release|Any CPU
		{2DD825DD-FA17-4FD2-93EC-5A51F22FF58F}.Release|Any CPU.Deploy.0 = Release|Any CPU
		{2DD825DD-FA17-4FD2-93EC-5A51F22FF58F}.Release|ARM.ActiveCfg = Release|Any CPU
		{2DD825DD-FA17-4FD2-93EC-5A51F22FF58F}.Release|ARM.Build.0 = Release|Any CPU
		{2DD825DD-FA17-4FD2-93EC-5A51F22FF58F}.Release|ARM.Deploy.0 = Release|Any CPU
		{2DD825DD-FA17-4FD2-93EC-5A51F22FF58F}.Release|iPhone.ActiveCfg = Release|Any CPU
		{2DD825DD-FA17-4FD2-93EC-5A51F22FF58F}.Release|iPhone.Build.0 = Release|Any CPU
		{2DD825DD-FA17-4FD2-93EC-5A51F22FF58F}.Release|iPhone.Deploy.0 = Release|Any CPU
		{2DD825DD-FA17-4FD2-93EC-5A51F22FF58F}.Release|iPhoneSimulator.ActiveCfg = Release|Any CPU
		{2DD825DD-FA17-4FD2-93EC-5A51F22FF58F}.Release|iPhoneSimulator.Build.0 = Release|Any CPU
		{2DD825DD-FA17-4FD2-93EC-5A51F22FF58F}.Release|iPhoneSimulator.Deploy.0 = Release|Any CPU
		{2DD825DD-FA17-4FD2-93EC-5A51F22FF58F}.Release|x64.ActiveCfg = Release|Any CPU
		{2DD825DD-FA17-4FD2-93EC-5A51F22FF58F}.Release|x64.Build.0 = Release|Any CPU
		{2DD825DD-FA17-4FD2-93EC-5A51F22FF58F}.Release|x64.Deploy.0 = Release|Any CPU
		{2DD825DD-FA17-4FD2-93EC-5A51F22FF58F}.Release|x86.ActiveCfg = Release|Any CPU
		{2DD825DD-FA17-4FD2-93EC-5A51F22FF58F}.Release|x86.Build.0 = Release|Any CPU
		{2DD825DD-FA17-4FD2-93EC-5A51F22FF58F}.Release|x86.Deploy.0 = Release|Any CPU
	EndGlobalSection
	GlobalSection(SolutionProperties) = preSolution
		HideSolutionNode = FALSE
	EndGlobalSection
	GlobalSection(ExtensibilityGlobals) = postSolution
		SolutionGuid = {56FB6A93-130B-4840-92C1-12B363779150}
	EndGlobalSection
EndGlobal
